
Microsoft Visual Studio Solution File, Format Version 12.00
# Visual Studio Version 17
VisualStudioVersion = 17.0.32112.339
MinimumVisualStudioVersion = 10.0.40219.1
Project("{FAE04EC0-301F-11D3-BF4B-00C04F79EFBC}") = "RPG simulátor", "RPG simulátor\RPG simulátor.csproj", "{F78B25ED-37FE-413C-970A-4C180FA054E2}"
EndProject
Global
	GlobalSection(SolutionConfigurationPlatforms) = preSolution
		Debug|Any CPU = Debug|Any CPU
		Release|Any CPU = Release|Any CPU
	EndGlobalSection
	GlobalSection(ProjectConfigurationPlatforms) = postSolution
		{F78B25ED-37FE-413C-970A-4C180FA054E2}.Debug|Any CPU.ActiveCfg = Debug|Any CPU
		{F78B25ED-37FE-413C-970A-4C180FA054E2}.Debug|Any CPU.Build.0 = Debug|Any CPU
		{F78B25ED-37FE-413C-970A-4C180FA054E2}.Release|Any CPU.ActiveCfg = Release|Any CPU
		{F78B25ED-37FE-413C-970A-4C180FA054E2}.Release|Any CPU.Build.0 = Release|Any CPU
	EndGlobalSection
	GlobalSection(SolutionProperties) = preSolution
		HideSolutionNode = FALSE
	EndGlobalSection
	GlobalSection(ExtensibilityGlobals) = postSolution
		SolutionGuid = {62ADF308-7473-486E-823A-D5B2C5F1CEF4}
	EndGlobalSection
EndGlobal
